
Microsoft Visual Studio Solution File, Format Version 12.00
# Visual Studio Version 16
VisualStudioVersion = 16.0.31005.135
MinimumVisualStudioVersion = 10.0.40219.1
Project("{FAE04EC0-301F-11D3-BF4B-00C04F79EFBC}") = "CocktailSort", "CocktailSort\CocktailSort.csproj", "{F94CFC06-AC58-4225-B1B0-9FA4E4D0CDDA}"
EndProject
Project("{FAE04EC0-301F-11D3-BF4B-00C04F79EFBC}") = "BubbleSort", "BubbleSort\BubbleSort.csproj", "{95D419E3-82B7-4538-A8DF-8D57266E4A17}"
EndProject
Project("{FAE04EC0-301F-11D3-BF4B-00C04F79EFBC}") = "BubbleSortImproved", "BubbleSortImproved\BubbleSortImproved.csproj", "{494369C7-2EC7-4647-BA58-5892FEDE2E2E}"
EndProject
Global
	GlobalSection(SolutionConfigurationPlatforms) = preSolution
		Debug|Any CPU = Debug|Any CPU
		Release|Any CPU = Release|Any CPU
	EndGlobalSection
	GlobalSection(ProjectConfigurationPlatforms) = postSolution
		{F94CFC06-AC58-4225-B1B0-9FA4E4D0CDDA}.Debug|Any CPU.ActiveCfg = Debug|Any CPU
		{F94CFC06-AC58-4225-B1B0-9FA4E4D0CDDA}.Debug|Any CPU.Build.0 = Debug|Any CPU
		{F94CFC06-AC58-4225-B1B0-9FA4E4D0CDDA}.Release|Any CPU.ActiveCfg = Release|Any CPU
		{F94CFC06-AC58-4225-B1B0-9FA4E4D0CDDA}.Release|Any CPU.Build.0 = Release|Any CPU
		{95D419E3-82B7-4538-A8DF-8D57266E4A17}.Debug|Any CPU.ActiveCfg = Debug|Any CPU
		{95D419E3-82B7-4538-A8DF-8D57266E4A17}.Debug|Any CPU.Build.0 = Debug|Any CPU
		{95D419E3-82B7-4538-A8DF-8D57266E4A17}.Release|Any CPU.ActiveCfg = Release|Any CPU
		{95D419E3-82B7-4538-A8DF-8D57266E4A17}.Release|Any CPU.Build.0 = Release|Any CPU
		{494369C7-2EC7-4647-BA58-5892FEDE2E2E}.Debug|Any CPU.ActiveCfg = Debug|Any CPU
		{494369C7-2EC7-4647-BA58-5892FEDE2E2E}.Debug|Any CPU.Build.0 = Debug|Any CPU
		{494369C7-2EC7-4647-BA58-5892FEDE2E2E}.Release|Any CPU.ActiveCfg = Release|Any CPU
		{494369C7-2EC7-4647-BA58-5892FEDE2E2E}.Release|Any CPU.Build.0 = Release|Any CPU
	EndGlobalSection
	GlobalSection(SolutionProperties) = preSolution
		HideSolutionNode = FALSE
	EndGlobalSection
	GlobalSection(ExtensibilityGlobals) = postSolution
		SolutionGuid = {5CB34103-C3F5-487E-BBE6-5A61E931E1A8}
	EndGlobalSection
EndGlobal
